
Microsoft Visual Studio Solution File, Format Version 12.00
# Visual Studio 14
VisualStudioVersion = 14.0.25123.0
MinimumVisualStudioVersion = 10.0.40219.1
Project("{8BC9CEB8-8B4A-11D0-8D11-00A0C91BC942}") = "AiZuTest", "AiZuTest\AiZuTest.vcxproj", "{5B54B72C-C7DF-4645-813D-0590B54FF6F0}"
EndProject
Project("{8BC9CEB8-8B4A-11D0-8D11-00A0C91BC942}") = "3Numnber", "3Numnber\3Numnber.vcxproj", "{2AE59A82-00C2-47A5-8513-FF26BBB1334A}"
EndProject
Project("{8BC9CEB8-8B4A-11D0-8D11-00A0C91BC942}") = "BoundingBox", "BoundingBox\BoundingBox.vcxproj", "{99186462-6D33-45C3-9DCE-B6A4BEE235AA}"
EndProject
Project("{8BC9CEB8-8B4A-11D0-8D11-00A0C91BC942}") = "MultiHelloWorld", "MultiHelloWorld\MultiHelloWorld.vcxproj", "{7ADED192-9AE0-4D17-A2C2-A3B234347016}"
EndProject
Project("{8BC9CEB8-8B4A-11D0-8D11-00A0C91BC942}") = "testCase", "testCase\testCase.vcxproj", "{E848AF83-1F3A-4BA5-A751-9F297F4D4B6D}"
EndProject
Project("{8BC9CEB8-8B4A-11D0-8D11-00A0C91BC942}") = "Swap", "Swap\Swap.vcxproj", "{60860C1C-B9B5-4A0F-8D40-261AD6DDAEFF}"
EndProject
Project("{8BC9CEB8-8B4A-11D0-8D11-00A0C91BC942}") = "Divisor", "Divisor\Divisor.vcxproj", "{592AAAB5-CD60-4930-B70B-18A129121CF1}"
EndProject
Project("{8BC9CEB8-8B4A-11D0-8D11-00A0C91BC942}") = "ABdivide", "ABdivide\ABdivide.vcxproj", "{3E2F5F10-825A-4F17-AB81-F09AE2314E36}"
EndProject
Project("{8BC9CEB8-8B4A-11D0-8D11-00A0C91BC942}") = "CharLehr", "CharLehr\CharLehr.vcxproj", "{ACBBFDAB-D519-412B-BB48-39BF911A394F}"
EndProject
Project("{8BC9CEB8-8B4A-11D0-8D11-00A0C91BC942}") = "CircleTest", "CircleTest\CircleTest.vcxproj", "{06CB8F3A-3FAB-4135-8178-04C7939CE9DE}"
EndProject
Project("{8BC9CEB8-8B4A-11D0-8D11-00A0C91BC942}") = "MatrixVector", "MatrixVector\MatrixVector.vcxproj", "{C2AC8C23-8B79-4EA5-9E36-1EEFF1E42C36}"
EndProject
Project("{8BC9CEB8-8B4A-11D0-8D11-00A0C91BC942}") = "Grading", "Grading\Grading.vcxproj", "{1EAF1CCA-C039-4742-8C70-05FB16A2EC6B}"
EndProject
Project("{8BC9CEB8-8B4A-11D0-8D11-00A0C91BC942}") = "QQtable", "QQtable\QQtable.vcxproj", "{47F5479B-4873-4889-94AF-48C0DA00729E}"
EndProject
Project("{8BC9CEB8-8B4A-11D0-8D11-00A0C91BC942}") = "AOJ_Combination", "AOJ_Combination\AOJ_Combination.vcxproj", "{29C1B63D-AE66-4BC0-9CE0-16AACDF43E20}"
EndProject
Project("{8BC9CEB8-8B4A-11D0-8D11-00A0C91BC942}") = "SpreadSheet", "SpreadSheet\SpreadSheet.vcxproj", "{9FB9745E-FC48-4E6B-8D28-FCF6AE1F69F8}"
EndProject
Project("{8BC9CEB8-8B4A-11D0-8D11-00A0C91BC942}") = "AOJ_MatrixMultiply", "AOJ_MatrixMultiply\AOJ_MatrixMultiply.vcxproj", "{057F7B67-9CA9-4EF5-A649-18F317742EFB}"
EndProject
Project("{8BC9CEB8-8B4A-11D0-8D11-00A0C91BC942}") = "AOJ_toggleStringCase", "AOJ_toggleStringCase\AOJ_toggleStringCase.vcxproj", "{75B39445-78D4-421D-A55F-0FA031812D7C}"
EndProject
Project("{8BC9CEB8-8B4A-11D0-8D11-00A0C91BC942}") = "AOJ_sumAllDigits", "AOJ_sumAllDigits\AOJ_sumAllDigits.vcxproj", "{EBC3796B-EBB1-4C77-BEE2-744C8493BE30}"
EndProject
Project("{8BC9CEB8-8B4A-11D0-8D11-00A0C91BC942}") = "AOJ_charaterCount", "AOJ_charaterCount\AOJ_charaterCount.vcxproj", "{154A162A-6B87-47F0-A379-03FF38EAEC00}"
EndProject
Project("{8BC9CEB8-8B4A-11D0-8D11-00A0C91BC942}") = "AOJ_StringChain", "AOJ_StringChain\AOJ_StringChain.vcxproj", "{20E7EEF2-E2AC-4CA9-B8FA-ECF627049DCB}"
EndProject
Project("{8BC9CEB8-8B4A-11D0-8D11-00A0C91BC942}") = "AOJ_Shuffle", "AOJ_Shuffle\AOJ_Shuffle.vcxproj", "{432133C8-9066-47FC-89D5-639C95F4D5CF}"
EndProject
Project("{8BC9CEB8-8B4A-11D0-8D11-00A0C91BC942}") = "AOJ_StandardDeviation", "AOJ_StandardDeviation\AOJ_StandardDeviation.vcxproj", "{6BC472FC-DB87-4D48-9CDA-AEC7F220A495}"
EndProject
Project("{8BC9CEB8-8B4A-11D0-8D11-00A0C91BC942}") = "LifeGame", "LifeGame\LifeGame.vcxproj", "{4D5F8E67-5D4F-4897-B091-2F1A5DF35A76}"
EndProject
Project("{8BC9CEB8-8B4A-11D0-8D11-00A0C91BC942}") = "AOJ_Dice1", "AOJ_Dice1\AOJ_Dice1.vcxproj", "{68052F11-314F-457A-B74D-BE0820153D3B}"
EndProject
Project("{8BC9CEB8-8B4A-11D0-8D11-00A0C91BC942}") = "AOJ_Dice2", "AOJ_Dice2\AOJ_Dice2.vcxproj", "{BD7B0CE1-66CC-4113-A7C7-0EF31320F3E9}"
EndProject
Project("{8BC9CEB8-8B4A-11D0-8D11-00A0C91BC942}") = "AOJ_StringTransformation", "AOJ_StringTransformation\AOJ_StringTransformation.vcxproj", "{D70E7152-5D62-4A44-BDF9-1A5B747A7D27}"
EndProject
Project("{8BC9CEB8-8B4A-11D0-8D11-00A0C91BC942}") = "AOJ_cardGame", "AOJ_cardGame\AOJ_cardGame.vcxproj", "{AB2D5033-0435-4C67-8DA8-9B4ACE2D03E7}"
EndProject
Project("{8BC9CEB8-8B4A-11D0-8D11-00A0C91BC942}") = "AOJ_FindingWord", "AOJ_FindingWord\AOJ_FindingWord.vcxproj", "{FCE8DC72-63FE-4436-A583-ACF6DBBD7B0E}"
EndProject
Project("{8BC9CEB8-8B4A-11D0-8D11-00A0C91BC942}") = "AOJ_MountainRange", "AOJ_MountainRange\AOJ_MountainRange.vcxproj", "{18D07457-69B3-43E3-AF92-2603EB0B2C72}"
EndProject
Project("{8BC9CEB8-8B4A-11D0-8D11-00A0C91BC942}") = "AplusB", "AplusB\AplusB.vcxproj", "{96F369E3-CB87-438B-B29A-62A6D327AD46}"
EndProject
Global
	GlobalSection(SolutionConfigurationPlatforms) = preSolution
		Debug|x64 = Debug|x64
		Debug|x86 = Debug|x86
		Release|x64 = Release|x64
		Release|x86 = Release|x86
	EndGlobalSection
	GlobalSection(ProjectConfigurationPlatforms) = postSolution
		{5B54B72C-C7DF-4645-813D-0590B54FF6F0}.Debug|x64.ActiveCfg = Debug|x64
		{5B54B72C-C7DF-4645-813D-0590B54FF6F0}.Debug|x64.Build.0 = Debug|x64
		{5B54B72C-C7DF-4645-813D-0590B54FF6F0}.Debug|x86.ActiveCfg = Debug|Win32
		{5B54B72C-C7DF-4645-813D-0590B54FF6F0}.Debug|x86.Build.0 = Debug|Win32
		{5B54B72C-C7DF-4645-813D-0590B54FF6F0}.Release|x64.ActiveCfg = Release|x64
		{5B54B72C-C7DF-4645-813D-0590B54FF6F0}.Release|x64.Build.0 = Release|x64
		{5B54B72C-C7DF-4645-813D-0590B54FF6F0}.Release|x86.ActiveCfg = Release|Win32
		{5B54B72C-C7DF-4645-813D-0590B54FF6F0}.Release|x86.Build.0 = Release|Win32
		{2AE59A82-00C2-47A5-8513-FF26BBB1334A}.Debug|x64.ActiveCfg = Debug|x64
		{2AE59A82-00C2-47A5-8513-FF26BBB1334A}.Debug|x64.Build.0 = Debug|x64
		{2AE59A82-00C2-47A5-8513-FF26BBB1334A}.Debug|x86.ActiveCfg = Debug|Win32
		{2AE59A82-00C2-47A5-8513-FF26BBB1334A}.Debug|x86.Build.0 = Debug|Win32
		{2AE59A82-00C2-47A5-8513-FF26BBB1334A}.Release|x64.ActiveCfg = Release|x64
		{2AE59A82-00C2-47A5-8513-FF26BBB1334A}.Release|x64.Build.0 = Release|x64
		{2AE59A82-00C2-47A5-8513-FF26BBB1334A}.Release|x86.ActiveCfg = Release|Win32
		{2AE59A82-00C2-47A5-8513-FF26BBB1334A}.Release|x86.Build.0 = Release|Win32
		{99186462-6D33-45C3-9DCE-B6A4BEE235AA}.Debug|x64.ActiveCfg = Debug|x64
		{99186462-6D33-45C3-9DCE-B6A4BEE235AA}.Debug|x64.Build.0 = Debug|x64
		{99186462-6D33-45C3-9DCE-B6A4BEE235AA}.Debug|x86.ActiveCfg = Debug|Win32
		{99186462-6D33-45C3-9DCE-B6A4BEE235AA}.Debug|x86.Build.0 = Debug|Win32
		{99186462-6D33-45C3-9DCE-B6A4BEE235AA}.Release|x64.ActiveCfg = Release|x64
		{99186462-6D33-45C3-9DCE-B6A4BEE235AA}.Release|x64.Build.0 = Release|x64
		{99186462-6D33-45C3-9DCE-B6A4BEE235AA}.Release|x86.ActiveCfg = Release|Win32
		{99186462-6D33-45C3-9DCE-B6A4BEE235AA}.Release|x86.Build.0 = Release|Win32
		{7ADED192-9AE0-4D17-A2C2-A3B234347016}.Debug|x64.ActiveCfg = Debug|x64
		{7ADED192-9AE0-4D17-A2C2-A3B234347016}.Debug|x64.Build.0 = Debug|x64
		{7ADED192-9AE0-4D17-A2C2-A3B234347016}.Debug|x86.ActiveCfg = Debug|Win32
		{7ADED192-9AE0-4D17-A2C2-A3B234347016}.Debug|x86.Build.0 = Debug|Win32
		{7ADED192-9AE0-4D17-A2C2-A3B234347016}.Release|x64.ActiveCfg = Release|x64
		{7ADED192-9AE0-4D17-A2C2-A3B234347016}.Release|x64.Build.0 = Release|x64
		{7ADED192-9AE0-4D17-A2C2-A3B234347016}.Release|x86.ActiveCfg = Release|Win32
		{7ADED192-9AE0-4D17-A2C2-A3B234347016}.Release|x86.Build.0 = Release|Win32
		{E848AF83-1F3A-4BA5-A751-9F297F4D4B6D}.Debug|x64.ActiveCfg = Debug|x64
		{E848AF83-1F3A-4BA5-A751-9F297F4D4B6D}.Debug|x64.Build.0 = Debug|x64
		{E848AF83-1F3A-4BA5-A751-9F297F4D4B6D}.Debug|x86.ActiveCfg = Debug|Win32
		{E848AF83-1F3A-4BA5-A751-9F297F4D4B6D}.Debug|x86.Build.0 = Debug|Win32
		{E848AF83-1F3A-4BA5-A751-9F297F4D4B6D}.Release|x64.ActiveCfg = Release|x64
		{E848AF83-1F3A-4BA5-A751-9F297F4D4B6D}.Release|x64.Build.0 = Release|x64
		{E848AF83-1F3A-4BA5-A751-9F297F4D4B6D}.Release|x86.ActiveCfg = Release|Win32
		{E848AF83-1F3A-4BA5-A751-9F297F4D4B6D}.Release|x86.Build.0 = Release|Win32
		{60860C1C-B9B5-4A0F-8D40-261AD6DDAEFF}.Debug|x64.ActiveCfg = Debug|x64
		{60860C1C-B9B5-4A0F-8D40-261AD6DDAEFF}.Debug|x64.Build.0 = Debug|x64
		{60860C1C-B9B5-4A0F-8D40-261AD6DDAEFF}.Debug|x86.ActiveCfg = Debug|Win32
		{60860C1C-B9B5-4A0F-8D40-261AD6DDAEFF}.Debug|x86.Build.0 = Debug|Win32
		{60860C1C-B9B5-4A0F-8D40-261AD6DDAEFF}.Release|x64.ActiveCfg = Release|x64
		{60860C1C-B9B5-4A0F-8D40-261AD6DDAEFF}.Release|x64.Build.0 = Release|x64
		{60860C1C-B9B5-4A0F-8D40-261AD6DDAEFF}.Release|x86.ActiveCfg = Release|Win32
		{60860C1C-B9B5-4A0F-8D40-261AD6DDAEFF}.Release|x86.Build.0 = Release|Win32
		{592AAAB5-CD60-4930-B70B-18A129121CF1}.Debug|x64.ActiveCfg = Debug|x64
		{592AAAB5-CD60-4930-B70B-18A129121CF1}.Debug|x64.Build.0 = Debug|x64
		{592AAAB5-CD60-4930-B70B-18A129121CF1}.Debug|x86.ActiveCfg = Debug|Win32
		{592AAAB5-CD60-4930-B70B-18A129121CF1}.Debug|x86.Build.0 = Debug|Win32
		{592AAAB5-CD60-4930-B70B-18A129121CF1}.Release|x64.ActiveCfg = Release|x64
		{592AAAB5-CD60-4930-B70B-18A129121CF1}.Release|x64.Build.0 = Release|x64
		{592AAAB5-CD60-4930-B70B-18A129121CF1}.Release|x86.ActiveCfg = Release|Win32
		{592AAAB5-CD60-4930-B70B-18A129121CF1}.Release|x86.Build.0 = Release|Win32
		{3E2F5F10-825A-4F17-AB81-F09AE2314E36}.Debug|x64.ActiveCfg = Debug|x64
		{3E2F5F10-825A-4F17-AB81-F09AE2314E36}.Debug|x64.Build.0 = Debug|x64
		{3E2F5F10-825A-4F17-AB81-F09AE2314E36}.Debug|x86.ActiveCfg = Debug|Win32
		{3E2F5F10-825A-4F17-AB81-F09AE2314E36}.Debug|x86.Build.0 = Debug|Win32
		{3E2F5F10-825A-4F17-AB81-F09AE2314E36}.Release|x64.ActiveCfg = Release|x64
		{3E2F5F10-825A-4F17-AB81-F09AE2314E36}.Release|x64.Build.0 = Release|x64
		{3E2F5F10-825A-4F17-AB81-F09AE2314E36}.Release|x86.ActiveCfg = Release|Win32
		{3E2F5F10-825A-4F17-AB81-F09AE2314E36}.Release|x86.Build.0 = Release|Win32
		{ACBBFDAB-D519-412B-BB48-39BF911A394F}.Debug|x64.ActiveCfg = Debug|x64
		{ACBBFDAB-D519-412B-BB48-39BF911A394F}.Debug|x64.Build.0 = Debug|x64
		{ACBBFDAB-D519-412B-BB48-39BF911A394F}.Debug|x86.ActiveCfg = Debug|Win32
		{ACBBFDAB-D519-412B-BB48-39BF911A394F}.Debug|x86.Build.0 = Debug|Win32
		{ACBBFDAB-D519-412B-BB48-39BF911A394F}.Release|x64.ActiveCfg = Release|x64
		{ACBBFDAB-D519-412B-BB48-39BF911A394F}.Release|x64.Build.0 = Release|x64
		{ACBBFDAB-D519-412B-BB48-39BF911A394F}.Release|x86.ActiveCfg = Release|Win32
		{ACBBFDAB-D519-412B-BB48-39BF911A394F}.Release|x86.Build.0 = Release|Win32
		{06CB8F3A-3FAB-4135-8178-04C7939CE9DE}.Debug|x64.ActiveCfg = Debug|x64
		{06CB8F3A-3FAB-4135-8178-04C7939CE9DE}.Debug|x64.Build.0 = Debug|x64
		{06CB8F3A-3FAB-4135-8178-04C7939CE9DE}.Debug|x86.ActiveCfg = Debug|Win32
		{06CB8F3A-3FAB-4135-8178-04C7939CE9DE}.Debug|x86.Build.0 = Debug|Win32
		{06CB8F3A-3FAB-4135-8178-04C7939CE9DE}.Release|x64.ActiveCfg = Release|x64
		{06CB8F3A-3FAB-4135-8178-04C7939CE9DE}.Release|x64.Build.0 = Release|x64
		{06CB8F3A-3FAB-4135-8178-04C7939CE9DE}.Release|x86.ActiveCfg = Release|Win32
		{06CB8F3A-3FAB-4135-8178-04C7939CE9DE}.Release|x86.Build.0 = Release|Win32
		{C2AC8C23-8B79-4EA5-9E36-1EEFF1E42C36}.Debug|x64.ActiveCfg = Debug|x64
		{C2AC8C23-8B79-4EA5-9E36-1EEFF1E42C36}.Debug|x64.Build.0 = Debug|x64
		{C2AC8C23-8B79-4EA5-9E36-1EEFF1E42C36}.Debug|x86.ActiveCfg = Debug|Win32
		{C2AC8C23-8B79-4EA5-9E36-1EEFF1E42C36}.Debug|x86.Build.0 = Debug|Win32
		{C2AC8C23-8B79-4EA5-9E36-1EEFF1E42C36}.Release|x64.ActiveCfg = Release|x64
		{C2AC8C23-8B79-4EA5-9E36-1EEFF1E42C36}.Release|x64.Build.0 = Release|x64
		{C2AC8C23-8B79-4EA5-9E36-1EEFF1E42C36}.Release|x86.ActiveCfg = Release|Win32
		{C2AC8C23-8B79-4EA5-9E36-1EEFF1E42C36}.Release|x86.Build.0 = Release|Win32
		{1EAF1CCA-C039-4742-8C70-05FB16A2EC6B}.Debug|x64.ActiveCfg = Debug|x64
		{1EAF1CCA-C039-4742-8C70-05FB16A2EC6B}.Debug|x64.Build.0 = Debug|x64
		{1EAF1CCA-C039-4742-8C70-05FB16A2EC6B}.Debug|x86.ActiveCfg = Debug|Win32
		{1EAF1CCA-C039-4742-8C70-05FB16A2EC6B}.Debug|x86.Build.0 = Debug|Win32
		{1EAF1CCA-C039-4742-8C70-05FB16A2EC6B}.Release|x64.ActiveCfg = Release|x64
		{1EAF1CCA-C039-4742-8C70-05FB16A2EC6B}.Release|x64.Build.0 = Release|x64
		{1EAF1CCA-C039-4742-8C70-05FB16A2EC6B}.Release|x86.ActiveCfg = Release|Win32
		{1EAF1CCA-C039-4742-8C70-05FB16A2EC6B}.Release|x86.Build.0 = Release|Win32
		{47F5479B-4873-4889-94AF-48C0DA00729E}.Debug|x64.ActiveCfg = Debug|x64
		{47F5479B-4873-4889-94AF-48C0DA00729E}.Debug|x64.Build.0 = Debug|x64
		{47F5479B-4873-4889-94AF-48C0DA00729E}.Debug|x86.ActiveCfg = Debug|Win32
		{47F5479B-4873-4889-94AF-48C0DA00729E}.Debug|x86.Build.0 = Debug|Win32
		{47F5479B-4873-4889-94AF-48C0DA00729E}.Release|x64.ActiveCfg = Release|x64
		{47F5479B-4873-4889-94AF-48C0DA00729E}.Release|x64.Build.0 = Release|x64
		{47F5479B-4873-4889-94AF-48C0DA00729E}.Release|x86.ActiveCfg = Release|Win32
		{47F5479B-4873-4889-94AF-48C0DA00729E}.Release|x86.Build.0 = Release|Win32
		{29C1B63D-AE66-4BC0-9CE0-16AACDF43E20}.Debug|x64.ActiveCfg = Debug|x64
		{29C1B63D-AE66-4BC0-9CE0-16AACDF43E20}.Debug|x64.Build.0 = Debug|x64
		{29C1B63D-AE66-4BC0-9CE0-16AACDF43E20}.Debug|x86.ActiveCfg = Debug|Win32
		{29C1B63D-AE66-4BC0-9CE0-16AACDF43E20}.Debug|x86.Build.0 = Debug|Win32
		{29C1B63D-AE66-4BC0-9CE0-16AACDF43E20}.Release|x64.ActiveCfg = Release|x64
		{29C1B63D-AE66-4BC0-9CE0-16AACDF43E20}.Release|x64.Build.0 = Release|x64
		{29C1B63D-AE66-4BC0-9CE0-16AACDF43E20}.Release|x86.ActiveCfg = Release|Win32
		{29C1B63D-AE66-4BC0-9CE0-16AACDF43E20}.Release|x86.Build.0 = Release|Win32
		{9FB9745E-FC48-4E6B-8D28-FCF6AE1F69F8}.Debug|x64.ActiveCfg = Debug|x64
		{9FB9745E-FC48-4E6B-8D28-FCF6AE1F69F8}.Debug|x64.Build.0 = Debug|x64
		{9FB9745E-FC48-4E6B-8D28-FCF6AE1F69F8}.Debug|x86.ActiveCfg = Debug|Win32
		{9FB9745E-FC48-4E6B-8D28-FCF6AE1F69F8}.Debug|x86.Build.0 = Debug|Win32
		{9FB9745E-FC48-4E6B-8D28-FCF6AE1F69F8}.Release|x64.ActiveCfg = Release|x64
		{9FB9745E-FC48-4E6B-8D28-FCF6AE1F69F8}.Release|x64.Build.0 = Release|x64
		{9FB9745E-FC48-4E6B-8D28-FCF6AE1F69F8}.Release|x86.ActiveCfg = Release|Win32
		{9FB9745E-FC48-4E6B-8D28-FCF6AE1F69F8}.Release|x86.Build.0 = Release|Win32
		{057F7B67-9CA9-4EF5-A649-18F317742EFB}.Debug|x64.ActiveCfg = Debug|x64
		{057F7B67-9CA9-4EF5-A649-18F317742EFB}.Debug|x64.Build.0 = Debug|x64
		{057F7B67-9CA9-4EF5-A649-18F317742EFB}.Debug|x86.ActiveCfg = Debug|Win32
		{057F7B67-9CA9-4EF5-A649-18F317742EFB}.Debug|x86.Build.0 = Debug|Win32
		{057F7B67-9CA9-4EF5-A649-18F317742EFB}.Release|x64.ActiveCfg = Release|x64
		{057F7B67-9CA9-4EF5-A649-18F317742EFB}.Release|x64.Build.0 = Release|x64
		{057F7B67-9CA9-4EF5-A649-18F317742EFB}.Release|x86.ActiveCfg = Release|Win32
		{057F7B67-9CA9-4EF5-A649-18F317742EFB}.Release|x86.Build.0 = Release|Win32
		{75B39445-78D4-421D-A55F-0FA031812D7C}.Debug|x64.ActiveCfg = Debug|x64
		{75B39445-78D4-421D-A55F-0FA031812D7C}.Debug|x64.Build.0 = Debug|x64
		{75B39445-78D4-421D-A55F-0FA031812D7C}.Debug|x86.ActiveCfg = Debug|Win32
		{75B39445-78D4-421D-A55F-0FA031812D7C}.Debug|x86.Build.0 = Debug|Win32
		{75B39445-78D4-421D-A55F-0FA031812D7C}.Release|x64.ActiveCfg = Release|x64
		{75B39445-78D4-421D-A55F-0FA031812D7C}.Release|x64.Build.0 = Release|x64
		{75B39445-78D4-421D-A55F-0FA031812D7C}.Release|x86.ActiveCfg = Release|Win32
		{75B39445-78D4-421D-A55F-0FA031812D7C}.Release|x86.Build.0 = Release|Win32
		{EBC3796B-EBB1-4C77-BEE2-744C8493BE30}.Debug|x64.ActiveCfg = Debug|x64
		{EBC3796B-EBB1-4C77-BEE2-744C8493BE30}.Debug|x64.Build.0 = Debug|x64
		{EBC3796B-EBB1-4C77-BEE2-744C8493BE30}.Debug|x86.ActiveCfg = Debug|Win32
		{EBC3796B-EBB1-4C77-BEE2-744C8493BE30}.Debug|x86.Build.0 = Debug|Win32
		{EBC3796B-EBB1-4C77-BEE2-744C8493BE30}.Release|x64.ActiveCfg = Release|x64
		{EBC3796B-EBB1-4C77-BEE2-744C8493BE30}.Release|x64.Build.0 = Release|x64
		{EBC3796B-EBB1-4C77-BEE2-744C8493BE30}.Release|x86.ActiveCfg = Release|Win32
		{EBC3796B-EBB1-4C77-BEE2-744C8493BE30}.Release|x86.Build.0 = Release|Win32
		{154A162A-6B87-47F0-A379-03FF38EAEC00}.Debug|x64.ActiveCfg = Debug|x64
		{154A162A-6B87-47F0-A379-03FF38EAEC00}.Debug|x64.Build.0 = Debug|x64
		{154A162A-6B87-47F0-A379-03FF38EAEC00}.Debug|x86.ActiveCfg = Debug|Win32
		{154A162A-6B87-47F0-A379-03FF38EAEC00}.Debug|x86.Build.0 = Debug|Win32
		{154A162A-6B87-47F0-A379-03FF38EAEC00}.Release|x64.ActiveCfg = Release|x64
		{154A162A-6B87-47F0-A379-03FF38EAEC00}.Release|x64.Build.0 = Release|x64
		{154A162A-6B87-47F0-A379-03FF38EAEC00}.Release|x86.ActiveCfg = Release|Win32
		{154A162A-6B87-47F0-A379-03FF38EAEC00}.Release|x86.Build.0 = Release|Win32
		{20E7EEF2-E2AC-4CA9-B8FA-ECF627049DCB}.Debug|x64.ActiveCfg = Debug|x64
		{20E7EEF2-E2AC-4CA9-B8FA-ECF627049DCB}.Debug|x64.Build.0 = Debug|x64
		{20E7EEF2-E2AC-4CA9-B8FA-ECF627049DCB}.Debug|x86.ActiveCfg = Debug|Win32
		{20E7EEF2-E2AC-4CA9-B8FA-ECF627049DCB}.Debug|x86.Build.0 = Debug|Win32
		{20E7EEF2-E2AC-4CA9-B8FA-ECF627049DCB}.Release|x64.ActiveCfg = Release|x64
		{20E7EEF2-E2AC-4CA9-B8FA-ECF627049DCB}.Release|x64.Build.0 = Release|x64
		{20E7EEF2-E2AC-4CA9-B8FA-ECF627049DCB}.Release|x86.ActiveCfg = Release|Win32
		{20E7EEF2-E2AC-4CA9-B8FA-ECF627049DCB}.Release|x86.Build.0 = Release|Win32
		{432133C8-9066-47FC-89D5-639C95F4D5CF}.Debug|x64.ActiveCfg = Debug|x64
		{432133C8-9066-47FC-89D5-639C95F4D5CF}.Debug|x64.Build.0 = Debug|x64
		{432133C8-9066-47FC-89D5-639C95F4D5CF}.Debug|x86.ActiveCfg = Debug|Win32
		{432133C8-9066-47FC-89D5-639C95F4D5CF}.Debug|x86.Build.0 = Debug|Win32
		{432133C8-9066-47FC-89D5-639C95F4D5CF}.Release|x64.ActiveCfg = Release|x64
		{432133C8-9066-47FC-89D5-639C95F4D5CF}.Release|x64.Build.0 = Release|x64
		{432133C8-9066-47FC-89D5-639C95F4D5CF}.Release|x86.ActiveCfg = Release|Win32
		{432133C8-9066-47FC-89D5-639C95F4D5CF}.Release|x86.Build.0 = Release|Win32
		{6BC472FC-DB87-4D48-9CDA-AEC7F220A495}.Debug|x64.ActiveCfg = Debug|x64
		{6BC472FC-DB87-4D48-9CDA-AEC7F220A495}.Debug|x64.Build.0 = Debug|x64
		{6BC472FC-DB87-4D48-9CDA-AEC7F220A495}.Debug|x86.ActiveCfg = Debug|Win32
		{6BC472FC-DB87-4D48-9CDA-AEC7F220A495}.Debug|x86.Build.0 = Debug|Win32
		{6BC472FC-DB87-4D48-9CDA-AEC7F220A495}.Release|x64.ActiveCfg = Release|x64
		{6BC472FC-DB87-4D48-9CDA-AEC7F220A495}.Release|x64.Build.0 = Release|x64
		{6BC472FC-DB87-4D48-9CDA-AEC7F220A495}.Release|x86.ActiveCfg = Release|Win32
		{6BC472FC-DB87-4D48-9CDA-AEC7F220A495}.Release|x86.Build.0 = Release|Win32
		{4D5F8E67-5D4F-4897-B091-2F1A5DF35A76}.Debug|x64.ActiveCfg = Debug|x64
		{4D5F8E67-5D4F-4897-B091-2F1A5DF35A76}.Debug|x64.Build.0 = Debug|x64
		{4D5F8E67-5D4F-4897-B091-2F1A5DF35A76}.Debug|x86.ActiveCfg = Debug|Win32
		{4D5F8E67-5D4F-4897-B091-2F1A5DF35A76}.Debug|x86.Build.0 = Debug|Win32
		{4D5F8E67-5D4F-4897-B091-2F1A5DF35A76}.Release|x64.ActiveCfg = Release|x64
		{4D5F8E67-5D4F-4897-B091-2F1A5DF35A76}.Release|x64.Build.0 = Release|x64
		{4D5F8E67-5D4F-4897-B091-2F1A5DF35A76}.Release|x86.ActiveCfg = Release|Win32
		{4D5F8E67-5D4F-4897-B091-2F1A5DF35A76}.Release|x86.Build.0 = Release|Win32
		{68052F11-314F-457A-B74D-BE0820153D3B}.Debug|x64.ActiveCfg = Debug|x64
		{68052F11-314F-457A-B74D-BE0820153D3B}.Debug|x64.Build.0 = Debug|x64
		{68052F11-314F-457A-B74D-BE0820153D3B}.Debug|x86.ActiveCfg = Debug|Win32
		{68052F11-314F-457A-B74D-BE0820153D3B}.Debug|x86.Build.0 = Debug|Win32
		{68052F11-314F-457A-B74D-BE0820153D3B}.Release|x64.ActiveCfg = Release|x64
		{68052F11-314F-457A-B74D-BE0820153D3B}.Release|x64.Build.0 = Release|x64
		{68052F11-314F-457A-B74D-BE0820153D3B}.Release|x86.ActiveCfg = Release|Win32
		{68052F11-314F-457A-B74D-BE0820153D3B}.Release|x86.Build.0 = Release|Win32
		{BD7B0CE1-66CC-4113-A7C7-0EF31320F3E9}.Debug|x64.ActiveCfg = Debug|x64
		{BD7B0CE1-66CC-4113-A7C7-0EF31320F3E9}.Debug|x64.Build.0 = Debug|x64
		{BD7B0CE1-66CC-4113-A7C7-0EF31320F3E9}.Debug|x86.ActiveCfg = Debug|Win32
		{BD7B0CE1-66CC-4113-A7C7-0EF31320F3E9}.Debug|x86.Build.0 = Debug|Win32
		{BD7B0CE1-66CC-4113-A7C7-0EF31320F3E9}.Release|x64.ActiveCfg = Release|x64
		{BD7B0CE1-66CC-4113-A7C7-0EF31320F3E9}.Release|x64.Build.0 = Release|x64
		{BD7B0CE1-66CC-4113-A7C7-0EF31320F3E9}.Release|x86.ActiveCfg = Release|Win32
		{BD7B0CE1-66CC-4113-A7C7-0EF31320F3E9}.Release|x86.Build.0 = Release|Win32
		{D70E7152-5D62-4A44-BDF9-1A5B747A7D27}.Debug|x64.ActiveCfg = Debug|x64
		{D70E7152-5D62-4A44-BDF9-1A5B747A7D27}.Debug|x64.Build.0 = Debug|x64
		{D70E7152-5D62-4A44-BDF9-1A5B747A7D27}.Debug|x86.ActiveCfg = Debug|Win32
		{D70E7152-5D62-4A44-BDF9-1A5B747A7D27}.Debug|x86.Build.0 = Debug|Win32
		{D70E7152-5D62-4A44-BDF9-1A5B747A7D27}.Release|x64.ActiveCfg = Release|x64
		{D70E7152-5D62-4A44-BDF9-1A5B747A7D27}.Release|x64.Build.0 = Release|x64
		{D70E7152-5D62-4A44-BDF9-1A5B747A7D27}.Release|x86.ActiveCfg = Release|Win32
		{D70E7152-5D62-4A44-BDF9-1A5B747A7D27}.Release|x86.Build.0 = Release|Win32
		{AB2D5033-0435-4C67-8DA8-9B4ACE2D03E7}.Debug|x64.ActiveCfg = Debug|x64
		{AB2D5033-0435-4C67-8DA8-9B4ACE2D03E7}.Debug|x64.Build.0 = Debug|x64
		{AB2D5033-0435-4C67-8DA8-9B4ACE2D03E7}.Debug|x86.ActiveCfg = Debug|Win32
		{AB2D5033-0435-4C67-8DA8-9B4ACE2D03E7}.Debug|x86.Build.0 = Debug|Win32
		{AB2D5033-0435-4C67-8DA8-9B4ACE2D03E7}.Release|x64.ActiveCfg = Release|x64
		{AB2D5033-0435-4C67-8DA8-9B4ACE2D03E7}.Release|x64.Build.0 = Release|x64
		{AB2D5033-0435-4C67-8DA8-9B4ACE2D03E7}.Release|x86.ActiveCfg = Release|Win32
		{AB2D5033-0435-4C67-8DA8-9B4ACE2D03E7}.Release|x86.Build.0 = Release|Win32
		{FCE8DC72-63FE-4436-A583-ACF6DBBD7B0E}.Debug|x64.ActiveCfg = Debug|x64
		{FCE8DC72-63FE-4436-A583-ACF6DBBD7B0E}.Debug|x64.Build.0 = Debug|x64
		{FCE8DC72-63FE-4436-A583-ACF6DBBD7B0E}.Debug|x86.ActiveCfg = Debug|Win32
		{FCE8DC72-63FE-4436-A583-ACF6DBBD7B0E}.Debug|x86.Build.0 = Debug|Win32
		{FCE8DC72-63FE-4436-A583-ACF6DBBD7B0E}.Release|x64.ActiveCfg = Release|x64
		{FCE8DC72-63FE-4436-A583-ACF6DBBD7B0E}.Release|x64.Build.0 = Release|x64
		{FCE8DC72-63FE-4436-A583-ACF6DBBD7B0E}.Release|x86.ActiveCfg = Release|Win32
		{FCE8DC72-63FE-4436-A583-ACF6DBBD7B0E}.Release|x86.Build.0 = Release|Win32
		{18D07457-69B3-43E3-AF92-2603EB0B2C72}.Debug|x64.ActiveCfg = Debug|x64
		{18D07457-69B3-43E3-AF92-2603EB0B2C72}.Debug|x64.Build.0 = Debug|x64
		{18D07457-69B3-43E3-AF92-2603EB0B2C72}.Debug|x86.ActiveCfg = Debug|Win32
		{18D07457-69B3-43E3-AF92-2603EB0B2C72}.Debug|x86.Build.0 = Debug|Win32
		{18D07457-69B3-43E3-AF92-2603EB0B2C72}.Release|x64.ActiveCfg = Release|x64
		{18D07457-69B3-43E3-AF92-2603EB0B2C72}.Release|x64.Build.0 = Release|x64
		{18D07457-69B3-43E3-AF92-2603EB0B2C72}.Release|x86.ActiveCfg = Release|Win32
		{18D07457-69B3-43E3-AF92-2603EB0B2C72}.Release|x86.Build.0 = Release|Win32
		{96F369E3-CB87-438B-B29A-62A6D327AD46}.Debug|x64.ActiveCfg = Debug|x64
		{96F369E3-CB87-438B-B29A-62A6D327AD46}.Debug|x64.Build.0 = Debug|x64
		{96F369E3-CB87-438B-B29A-62A6D327AD46}.Debug|x86.ActiveCfg = Debug|Win32
		{96F369E3-CB87-438B-B29A-62A6D327AD46}.Debug|x86.Build.0 = Debug|Win32
		{96F369E3-CB87-438B-B29A-62A6D327AD46}.Release|x64.ActiveCfg = Release|x64
		{96F369E3-CB87-438B-B29A-62A6D327AD46}.Release|x64.Build.0 = Release|x64
		{96F369E3-CB87-438B-B29A-62A6D327AD46}.Release|x86.ActiveCfg = Release|Win32
		{96F369E3-CB87-438B-B29A-62A6D327AD46}.Release|x86.Build.0 = Release|Win32
	EndGlobalSection
	GlobalSection(SolutionProperties) = preSolution
		HideSolutionNode = FALSE
	EndGlobalSection
EndGlobal
